
Microsoft Visual Studio Solution File, Format Version 12.00
# Visual Studio Version 17
VisualStudioVersion = 17.3.32819.101
MinimumVisualStudioVersion = 10.0.40219.1
Project("{FAE04EC0-301F-11D3-BF4B-00C04F79EFBC}") = "Deliverable 3 Iterative", "Deliverable 3 Iterative.csproj", "{B0095F04-2882-4443-98CB-91CF60835982}"
EndProject
Global
	GlobalSection(SolutionConfigurationPlatforms) = preSolution
		Debug|Any CPU = Debug|Any CPU
		Release|Any CPU = Release|Any CPU
	EndGlobalSection
	GlobalSection(ProjectConfigurationPlatforms) = postSolution
		{B0095F04-2882-4443-98CB-91CF60835982}.Debug|Any CPU.ActiveCfg = Debug|Any CPU
		{B0095F04-2882-4443-98CB-91CF60835982}.Debug|Any CPU.Build.0 = Debug|Any CPU
		{B0095F04-2882-4443-98CB-91CF60835982}.Release|Any CPU.ActiveCfg = Release|Any CPU
		{B0095F04-2882-4443-98CB-91CF60835982}.Release|Any CPU.Build.0 = Release|Any CPU
	EndGlobalSection
	GlobalSection(SolutionProperties) = preSolution
		HideSolutionNode = FALSE
	EndGlobalSection
	GlobalSection(ExtensibilityGlobals) = postSolution
		SolutionGuid = {A00113EC-8285-4ECC-B455-248C004489A4}
	EndGlobalSection
EndGlobal
